{
  "name": "saasbox-agent",
  "version": "1.0.2",
  "dependencies": {
    "body-parser": {
      "version": "1.9.1",
      "from": "body-parser@>=1.6.7 <2.0.0",
      "resolved": "http://box.upstreamapp.com:4873/body-parser/-/body-parser-1.9.1.tgz",
      "dependencies": {
        "bytes": {
          "version": "1.0.0",
          "from": "bytes@1.0.0",
          "resolved": "http://box.upstreamapp.com:4873/bytes/-/bytes-1.0.0.tgz"
        },
        "depd": {
          "version": "1.0.0",
          "from": "depd@>=1.0.0 <1.1.0",
          "resolved": "http://box.upstreamapp.com:4873/depd/-/depd-1.0.0.tgz"
        },
        "iconv-lite": {
          "version": "0.4.4",
          "from": "iconv-lite@0.4.4",
          "resolved": "https://registry.npmjs.org/iconv-lite/-/iconv-lite-0.4.4.tgz"
        },
        "media-typer": {
          "version": "0.3.0",
          "from": "media-typer@0.3.0",
          "resolved": "http://box.upstreamapp.com:4873/media-typer/-/media-typer-0.3.0.tgz"
        },
        "on-finished": {
          "version": "2.1.1",
          "from": "on-finished@>=2.1.1 <2.2.0",
          "resolved": "http://box.upstreamapp.com:4873/on-finished/-/on-finished-2.1.1.tgz",
          "dependencies": {
            "ee-first": {
              "version": "1.1.0",
              "from": "ee-first@1.1.0",
              "resolved": "http://box.upstreamapp.com:4873/ee-first/-/ee-first-1.1.0.tgz"
            }
          }
        },
        "qs": {
          "version": "2.3.0",
          "from": "qs@2.3.0",
          "resolved": "http://box.upstreamapp.com:4873/qs/-/qs-2.3.0.tgz"
        },
        "raw-body": {
          "version": "1.3.0",
          "from": "raw-body@1.3.0",
          "resolved": "http://box.upstreamapp.com:4873/raw-body/-/raw-body-1.3.0.tgz"
        },
        "type-is": {
          "version": "1.5.2",
          "from": "type-is@>=1.5.2 <1.6.0",
          "resolved": "http://box.upstreamapp.com:4873/type-is/-/type-is-1.5.2.tgz",
          "dependencies": {
            "mime-types": {
              "version": "2.0.2",
              "from": "mime-types@>=2.0.2 <2.1.0",
              "resolved": "http://box.upstreamapp.com:4873/mime-types/-/mime-types-2.0.2.tgz",
              "dependencies": {
                "mime-db": {
                  "version": "1.1.2",
                  "from": "mime-db@>=1.1.0 <1.2.0",
                  "resolved": "http://box.upstreamapp.com:4873/mime-db/-/mime-db-1.1.2.tgz"
                }
              }
            }
          }
        }
      }
    },
    "express": {
      "version": "4.10.0",
      "from": "express@>=4.8.7 <5.0.0",
      "resolved": "http://box.upstreamapp.com:4873/express/-/express-4.10.0.tgz",
      "dependencies": {
        "accepts": {
          "version": "1.1.2",
          "from": "accepts@>=1.1.2 <1.2.0",
          "resolved": "http://box.upstreamapp.com:4873/accepts/-/accepts-1.1.2.tgz",
          "dependencies": {
            "mime-types": {
              "version": "2.0.2",
              "from": "mime-types@>=2.0.2 <2.1.0",
              "resolved": "http://box.upstreamapp.com:4873/mime-types/-/mime-types-2.0.2.tgz",
              "dependencies": {
                "mime-db": {
                  "version": "1.1.2",
                  "from": "mime-db@>=1.1.0 <1.2.0",
                  "resolved": "http://box.upstreamapp.com:4873/mime-db/-/mime-db-1.1.2.tgz"
                }
              }
            },
            "negotiator": {
              "version": "0.4.9",
              "from": "negotiator@0.4.9",
              "resolved": "http://box.upstreamapp.com:4873/negotiator/-/negotiator-0.4.9.tgz"
            }
          }
        },
        "content-disposition": {
          "version": "0.5.0",
          "from": "content-disposition@0.5.0",
          "resolved": "http://box.upstreamapp.com:4873/content-disposition/-/content-disposition-0.5.0.tgz"
        },
        "cookie-signature": {
          "version": "1.0.5",
          "from": "cookie-signature@1.0.5",
          "resolved": "http://box.upstreamapp.com:4873/cookie-signature/-/cookie-signature-1.0.5.tgz"
        },
        "debug": {
          "version": "2.1.0",
          "from": "debug@>=2.1.0 <2.2.0",
          "resolved": "http://box.upstreamapp.com:4873/debug/-/debug-2.1.0.tgz",
          "dependencies": {
            "ms": {
              "version": "0.6.2",
              "from": "ms@0.6.2",
              "resolved": "http://box.upstreamapp.com:4873/ms/-/ms-0.6.2.tgz"
            }
          }
        },
        "depd": {
          "version": "1.0.0",
          "from": "depd@>=1.0.0 <1.1.0",
          "resolved": "http://box.upstreamapp.com:4873/depd/-/depd-1.0.0.tgz"
        },
        "escape-html": {
          "version": "1.0.1",
          "from": "escape-html@1.0.1",
          "resolved": "http://box.upstreamapp.com:4873/escape-html/-/escape-html-1.0.1.tgz"
        },
        "etag": {
          "version": "1.5.0",
          "from": "etag@>=1.5.0 <1.6.0",
          "resolved": "http://box.upstreamapp.com:4873/etag/-/etag-1.5.0.tgz",
          "dependencies": {
            "crc": {
              "version": "3.0.0",
              "from": "crc@3.0.0",
              "resolved": "http://box.upstreamapp.com:4873/crc/-/crc-3.0.0.tgz"
            }
          }
        },
        "finalhandler": {
          "version": "0.3.2",
          "from": "finalhandler@0.3.2",
          "resolved": "http://box.upstreamapp.com:4873/finalhandler/-/finalhandler-0.3.2.tgz"
        },
        "fresh": {
          "version": "0.2.4",
          "from": "fresh@0.2.4",
          "resolved": "http://box.upstreamapp.com:4873/fresh/-/fresh-0.2.4.tgz"
        },
        "media-typer": {
          "version": "0.3.0",
          "from": "media-typer@0.3.0",
          "resolved": "http://box.upstreamapp.com:4873/media-typer/-/media-typer-0.3.0.tgz"
        },
        "methods": {
          "version": "1.1.0",
          "from": "methods@1.1.0",
          "resolved": "http://box.upstreamapp.com:4873/methods/-/methods-1.1.0.tgz"
        },
        "on-finished": {
          "version": "2.1.1",
          "from": "on-finished@>=2.1.1 <2.2.0",
          "resolved": "http://box.upstreamapp.com:4873/on-finished/-/on-finished-2.1.1.tgz",
          "dependencies": {
            "ee-first": {
              "version": "1.1.0",
              "from": "ee-first@1.1.0",
              "resolved": "http://box.upstreamapp.com:4873/ee-first/-/ee-first-1.1.0.tgz"
            }
          }
        },
        "parseurl": {
          "version": "1.3.0",
          "from": "parseurl@>=1.3.0 <1.4.0",
          "resolved": "http://box.upstreamapp.com:4873/parseurl/-/parseurl-1.3.0.tgz"
        },
        "path-to-regexp": {
          "version": "0.1.3",
          "from": "path-to-regexp@0.1.3",
          "resolved": "http://box.upstreamapp.com:4873/path-to-regexp/-/path-to-regexp-0.1.3.tgz"
        },
        "proxy-addr": {
          "version": "1.0.3",
          "from": "proxy-addr@>=1.0.3 <1.1.0",
          "resolved": "http://box.upstreamapp.com:4873/proxy-addr/-/proxy-addr-1.0.3.tgz",
          "dependencies": {
            "forwarded": {
              "version": "0.1.0",
              "from": "forwarded@>=0.1.0 <0.2.0",
              "resolved": "http://box.upstreamapp.com:4873/forwarded/-/forwarded-0.1.0.tgz"
            },
            "ipaddr.js": {
              "version": "0.1.3",
              "from": "ipaddr.js@0.1.3",
              "resolved": "http://box.upstreamapp.com:4873/ipaddr.js/-/ipaddr.js-0.1.3.tgz"
            }
          }
        },
        "qs": {
          "version": "2.3.0",
          "from": "qs@2.3.0",
          "resolved": "http://box.upstreamapp.com:4873/qs/-/qs-2.3.0.tgz"
        },
        "range-parser": {
          "version": "1.0.2",
          "from": "range-parser@>=1.0.2 <1.1.0",
          "resolved": "http://box.upstreamapp.com:4873/range-parser/-/range-parser-1.0.2.tgz"
        },
        "send": {
          "version": "0.10.1",
          "from": "send@0.10.1",
          "resolved": "http://box.upstreamapp.com:4873/send/-/send-0.10.1.tgz",
          "dependencies": {
            "destroy": {
              "version": "1.0.3",
              "from": "destroy@1.0.3",
              "resolved": "http://box.upstreamapp.com:4873/destroy/-/destroy-1.0.3.tgz"
            },
            "mime": {
              "version": "1.2.11",
              "from": "mime@>=1.2.11 <1.3.0",
              "resolved": "https://registry.npmjs.org/mime/-/mime-1.2.11.tgz"
            },
            "ms": {
              "version": "0.6.2",
              "from": "ms@0.6.2",
              "resolved": "http://box.upstreamapp.com:4873/ms/-/ms-0.6.2.tgz"
            }
          }
        },
        "serve-static": {
          "version": "1.7.1",
          "from": "serve-static@>=1.7.1 <1.8.0",
          "resolved": "http://box.upstreamapp.com:4873/serve-static/-/serve-static-1.7.1.tgz"
        },
        "type-is": {
          "version": "1.5.2",
          "from": "type-is@>=1.5.2 <1.6.0",
          "resolved": "http://box.upstreamapp.com:4873/type-is/-/type-is-1.5.2.tgz",
          "dependencies": {
            "mime-types": {
              "version": "2.0.2",
              "from": "mime-types@>=2.0.2 <2.1.0",
              "resolved": "http://box.upstreamapp.com:4873/mime-types/-/mime-types-2.0.2.tgz",
              "dependencies": {
                "mime-db": {
                  "version": "1.1.2",
                  "from": "mime-db@>=1.1.0 <1.2.0",
                  "resolved": "http://box.upstreamapp.com:4873/mime-db/-/mime-db-1.1.2.tgz"
                }
              }
            }
          }
        },
        "vary": {
          "version": "1.0.0",
          "from": "vary@>=1.0.0 <1.1.0",
          "resolved": "http://box.upstreamapp.com:4873/vary/-/vary-1.0.0.tgz"
        },
        "cookie": {
          "version": "0.1.2",
          "from": "cookie@0.1.2",
          "resolved": "http://box.upstreamapp.com:4873/cookie/-/cookie-0.1.2.tgz"
        },
        "merge-descriptors": {
          "version": "0.0.2",
          "from": "merge-descriptors@0.0.2",
          "resolved": "http://box.upstreamapp.com:4873/merge-descriptors/-/merge-descriptors-0.0.2.tgz"
        },
        "utils-merge": {
          "version": "1.0.0",
          "from": "utils-merge@1.0.0",
          "resolved": "https://registry.npmjs.org/utils-merge/-/utils-merge-1.0.0.tgz"
        }
      }
    },
    "http-proxy": {
      "version": "1.5.3",
      "from": "http-proxy@>=1.3.0 <2.0.0",
      "resolved": "https://registry.npmjs.org/http-proxy/-/http-proxy-1.5.3.tgz",
      "dependencies": {
        "eventemitter3": {
          "version": "0.1.5",
          "from": "eventemitter3@*",
          "resolved": "https://registry.npmjs.org/eventemitter3/-/eventemitter3-0.1.5.tgz"
        }
      }
    },
    "lodash": {
      "version": "2.4.1",
      "from": "lodash@>=2.4.1 <3.0.0"
    },
    "mkdirp": {
      "version": "0.5.0",
      "from": "mkdirp@>=0.5.0 <0.6.0",
      "dependencies": {
        "minimist": {
          "version": "0.0.8",
          "from": "minimist@0.0.8",
          "resolved": "http://box.upstreamapp.com:4873/minimist/-/minimist-0.0.8.tgz"
        }
      }
    },
    "node-localstorage": {
      "version": "0.3.4",
      "from": "node-localstorage@>=0.3.4 <0.4.0",
      "resolved": "http://box.upstreamapp.com:4873/node-localstorage/-/node-localstorage-0.3.4.tgz"
    },
    "simple-stats-server": {
      "version": "0.0.5",
      "from": "simple-stats-server@0.0.5",
      "resolved": "http://box.upstreamapp.com:4873/simple-stats-server/-/simple-stats-server-0.0.5.tgz",
      "dependencies": {
        "path-match": {
          "version": "1.1.1",
          "from": "path-match@>=1.1.1 <1.2.0",
          "resolved": "http://box.upstreamapp.com:4873/path-match/-/path-match-1.1.1.tgz",
          "dependencies": {
            "path-to-regexp": {
              "version": "0.2.5",
              "from": "path-to-regexp@>=0.2.1 <0.3.0",
              "resolved": "http://box.upstreamapp.com:4873/path-to-regexp/-/path-to-regexp-0.2.5.tgz"
            }
          }
        },
        "something-something": {
          "version": "0.0.1",
          "from": "something-something@0.0.1",
          "resolved": "http://box.upstreamapp.com:4873/something-something/-/something-something-0.0.1.tgz"
        }
      }
    },
    "upstreamapp-common": {
      "version": "1.0.3",
      "from": "upstreamapp-common@>=1.0.3 <2.0.0",
      "dependencies": {
        "js-yaml": {
          "version": "3.2.2",
          "from": "js-yaml@>=3.2.2 <4.0.0",
          "resolved": "http://box.upstreamapp.com:4873/js-yaml/-/js-yaml-3.2.2.tgz",
          "dependencies": {
            "argparse": {
              "version": "0.1.15",
              "from": "argparse@>=0.1.11 <0.2.0",
              "resolved": "http://box.upstreamapp.com:4873/argparse/-/argparse-0.1.15.tgz",
              "dependencies": {
                "underscore": {
                  "version": "1.4.4",
                  "from": "underscore@>=1.4.3 <1.5.0",
                  "resolved": "http://box.upstreamapp.com:4873/underscore/-/underscore-1.4.4.tgz"
                },
                "underscore.string": {
                  "version": "2.3.3",
                  "from": "underscore.string@>=2.3.1 <2.4.0",
                  "resolved": "http://box.upstreamapp.com:4873/underscore.string/-/underscore.string-2.3.3.tgz"
                }
              }
            },
            "esprima": {
              "version": "1.0.4",
              "from": "esprima@>=1.0.2 <1.1.0",
              "resolved": "http://box.upstreamapp.com:4873/esprima/-/esprima-1.0.4.tgz"
            }
          }
        },
        "winston": {
          "version": "0.8.1",
          "from": "winston@>=0.8.1 <0.9.0",
          "resolved": "http://box.upstreamapp.com:4873/winston/-/winston-0.8.1.tgz",
          "dependencies": {
            "async": {
              "version": "0.2.10",
              "from": "async@>=0.2.0 <0.3.0",
              "resolved": "http://box.upstreamapp.com:4873/async/-/async-0.2.10.tgz"
            },
            "colors": {
              "version": "0.6.2",
              "from": "colors@>=0.6.0 <0.7.0",
              "resolved": "http://box.upstreamapp.com:4873/colors/-/colors-0.6.2.tgz"
            },
            "cycle": {
              "version": "1.0.3",
              "from": "cycle@>=1.0.0 <1.1.0",
              "resolved": "http://box.upstreamapp.com:4873/cycle/-/cycle-1.0.3.tgz"
            },
            "eyes": {
              "version": "0.1.8",
              "from": "eyes@>=0.1.0 <0.2.0",
              "resolved": "http://box.upstreamapp.com:4873/eyes/-/eyes-0.1.8.tgz"
            },
            "pkginfo": {
              "version": "0.3.0",
              "from": "pkginfo@>=0.3.0 <0.4.0",
              "resolved": "http://box.upstreamapp.com:4873/pkginfo/-/pkginfo-0.3.0.tgz"
            },
            "stack-trace": {
              "version": "0.0.9",
              "from": "stack-trace@>=0.0.0 <0.1.0",
              "resolved": "http://box.upstreamapp.com:4873/stack-trace/-/stack-trace-0.0.9.tgz"
            }
          }
        },
        "winston-papertrail": {
          "version": "0.1.5",
          "from": "winston-papertrail@>=0.1.5 <0.2.0",
          "resolved": "http://box.upstreamapp.com:4873/winston-papertrail/-/winston-papertrail-0.1.5.tgz"
        }
      }
    },
    "uri-js": {
      "version": "1.4.2",
      "from": "uri-js@>=1.4.2 <1.5.0",
      "resolved": "http://box.upstreamapp.com:4873/uri-js/-/uri-js-1.4.2.tgz"
    },
    "ydm": {
      "version": "1.1.0",
      "from": "ydm@>=1.1.0 <2.0.0",
      "resolved": "http://box.upstreamapp.com:4873/ydm/-/ydm-1.1.0.tgz",
      "dependencies": {
        "bluebird": {
          "version": "2.3.6",
          "from": "bluebird@>=2.2.2 <3.0.0",
          "resolved": "http://box.upstreamapp.com:4873/bluebird/-/bluebird-2.3.6.tgz"
        },
        "dockerode": {
          "version": "2.0.3",
          "from": "dockerode@>=2.0.1 <3.0.0",
          "resolved": "https://registry.npmjs.org/dockerode/-/dockerode-2.0.3.tgz",
          "dependencies": {
            "docker-modem": {
              "version": "0.1.19",
              "from": "docker-modem@>=0.1.0 <0.2.0",
              "resolved": "https://registry.npmjs.org/docker-modem/-/docker-modem-0.1.19.tgz",
              "dependencies": {
                "debug": {
                  "version": "0.7.4",
                  "from": "debug@>=0.7.4 <0.8.0",
                  "resolved": "http://box.upstreamapp.com:4873/debug/-/debug-0.7.4.tgz"
                },
                "follow-redirects": {
                  "version": "0.0.3",
                  "from": "follow-redirects@0.0.3"
                },
                "querystring": {
                  "version": "0.2.0",
                  "from": "querystring@0.2.0",
                  "resolved": "http://box.upstreamapp.com:4873/querystring/-/querystring-0.2.0.tgz"
                },
                "readable-stream": {
                  "version": "1.0.33",
                  "from": "readable-stream@>=1.0.26-4 <1.1.0",
                  "resolved": "http://box.upstreamapp.com:4873/readable-stream/-/readable-stream-1.0.33.tgz",
                  "dependencies": {
                    "core-util-is": {
                      "version": "1.0.1",
                      "from": "core-util-is@>=1.0.0 <1.1.0",
                      "resolved": "http://box.upstreamapp.com:4873/core-util-is/-/core-util-is-1.0.1.tgz"
                    },
                    "isarray": {
                      "version": "0.0.1",
                      "from": "isarray@0.0.1",
                      "resolved": "https://registry.npmjs.org/isarray/-/isarray-0.0.1.tgz"
                    },
                    "string_decoder": {
                      "version": "0.10.31",
                      "from": "string_decoder@>=0.10.0 <0.11.0",
                      "resolved": "http://box.upstreamapp.com:4873/string_decoder/-/string_decoder-0.10.31.tgz"
                    },
                    "inherits": {
                      "version": "2.0.1",
                      "from": "inherits@>=2.0.1 <2.1.0",
                      "resolved": "http://box.upstreamapp.com:4873/inherits/-/inherits-2.0.1.tgz"
                    }
                  }
                }
              }
            },
            "underscore": {
              "version": "1.5.2",
              "from": "underscore@>=1.5.0 <1.6.0",
              "resolved": "http://box.upstreamapp.com:4873/underscore/-/underscore-1.5.2.tgz"
            }
          }
        },
        "dockerode-optionator": {
          "version": "1.0.1",
          "from": "dockerode-optionator@>=1.0.0 <2.0.0",
          "resolved": "https://registry.npmjs.org/dockerode-optionator/-/dockerode-optionator-1.0.1.tgz"
        },
        "minimist": {
          "version": "0.2.0",
          "from": "minimist@>=0.2.0 <0.3.0",
          "resolved": "https://registry.npmjs.org/minimist/-/minimist-0.2.0.tgz"
        },
        "progress": {
          "version": "1.1.8",
          "from": "progress@>=1.1.7 <2.0.0",
          "resolved": "https://registry.npmjs.org/progress/-/progress-1.1.8.tgz"
        },
        "rimraf": {
          "version": "2.2.8",
          "from": "rimraf@>=2.2.8 <3.0.0",
          "resolved": "http://box.upstreamapp.com:4873/rimraf/-/rimraf-2.2.8.tgz"
        },
        "shelljs": {
          "version": "0.3.0",
          "from": "shelljs@>=0.3.0 <0.4.0",
          "resolved": "http://box.upstreamapp.com:4873/shelljs/-/shelljs-0.3.0.tgz"
        }
      }
    }
  }
}
